
Microsoft Visual Studio Solution File, Format Version 12.00
# Visual Studio Version 17
VisualStudioVersion = 17.7.34031.279
MinimumVisualStudioVersion = 10.0.40219.1
Project("{FAE04EC0-301F-11D3-BF4B-00C04F79EFBC}") = "Money Tracker", "Money Tracker.csproj", "{52F5CC56-41FE-41CE-B83B-35E40DC357DB}"
EndProject
Global
	GlobalSection(SolutionConfigurationPlatforms) = preSolution
		Debug|Any CPU = Debug|Any CPU
		Release|Any CPU = Release|Any CPU
	EndGlobalSection
	GlobalSection(ProjectConfigurationPlatforms) = postSolution
		{52F5CC56-41FE-41CE-B83B-35E40DC357DB}.Debug|Any CPU.ActiveCfg = Debug|Any CPU
		{52F5CC56-41FE-41CE-B83B-35E40DC357DB}.Debug|Any CPU.Build.0 = Debug|Any CPU
		{52F5CC56-41FE-41CE-B83B-35E40DC357DB}.Release|Any CPU.ActiveCfg = Release|Any CPU
		{52F5CC56-41FE-41CE-B83B-35E40DC357DB}.Release|Any CPU.Build.0 = Release|Any CPU
	EndGlobalSection
	GlobalSection(SolutionProperties) = preSolution
		HideSolutionNode = FALSE
	EndGlobalSection
	GlobalSection(ExtensibilityGlobals) = postSolution
		SolutionGuid = {7D20E2E8-9046-4DCD-B6A0-622981698C0F}
	EndGlobalSection
EndGlobal
